
Microsoft Visual Studio Solution File, Format Version 12.00
# Visual Studio 2013
VisualStudioVersion = 12.0.40629.0
MinimumVisualStudioVersion = 10.0.40219.1
Project("{FAE04EC0-301F-11D3-BF4B-00C04F79EFBC}") = "DataContract_Test", "DataContract_Test\DataContract_Test.csproj", "{9E09C9D0-861F-4C02-AA78-5A376A0EE38A}"
EndProject
Global
	GlobalSection(SolutionConfigurationPlatforms) = preSolution
		Debug|Any CPU = Debug|Any CPU
		Release|Any CPU = Release|Any CPU
	EndGlobalSection
	GlobalSection(ProjectConfigurationPlatforms) = postSolution
		{9E09C9D0-861F-4C02-AA78-5A376A0EE38A}.Debug|Any CPU.ActiveCfg = Debug|Any CPU
		{9E09C9D0-861F-4C02-AA78-5A376A0EE38A}.Debug|Any CPU.Build.0 = Debug|Any CPU
		{9E09C9D0-861F-4C02-AA78-5A376A0EE38A}.Release|Any CPU.ActiveCfg = Release|Any CPU
		{9E09C9D0-861F-4C02-AA78-5A376A0EE38A}.Release|Any CPU.Build.0 = Release|Any CPU
	EndGlobalSection
	GlobalSection(SolutionProperties) = preSolution
		HideSolutionNode = FALSE
	EndGlobalSection
EndGlobal
